
Microsoft Visual Studio Solution File, Format Version 12.00
# Visual Studio Version 17
VisualStudioVersion = 17.12.35527.113 d17.12
MinimumVisualStudioVersion = 10.0.40219.1
Project("{FAE04EC0-301F-11D3-BF4B-00C04F79EFBC}") = "Ass 4 C#", "Ass 4 C#\Ass 4 C#.csproj", "{FD6517B9-9F6F-4D75-BA23-E1C529B728F1}"
EndProject
Global
	GlobalSection(SolutionConfigurationPlatforms) = preSolution
		Debug|Any CPU = Debug|Any CPU
		Release|Any CPU = Release|Any CPU
	EndGlobalSection
	GlobalSection(ProjectConfigurationPlatforms) = postSolution
		{FD6517B9-9F6F-4D75-BA23-E1C529B728F1}.Debug|Any CPU.ActiveCfg = Debug|Any CPU
		{FD6517B9-9F6F-4D75-BA23-E1C529B728F1}.Debug|Any CPU.Build.0 = Debug|Any CPU
		{FD6517B9-9F6F-4D75-BA23-E1C529B728F1}.Release|Any CPU.ActiveCfg = Release|Any CPU
		{FD6517B9-9F6F-4D75-BA23-E1C529B728F1}.Release|Any CPU.Build.0 = Release|Any CPU
	EndGlobalSection
	GlobalSection(SolutionProperties) = preSolution
		HideSolutionNode = FALSE
	EndGlobalSection
EndGlobal
